
Microsoft Visual Studio Solution File, Format Version 12.00
# Visual Studio Version 16
VisualStudioVersion = 16.0.30717.126
MinimumVisualStudioVersion = 10.0.40219.1
Project("{FAE04EC0-301F-11D3-BF4B-00C04F79EFBC}") = "AS2021_TPCIT_4H_CUrziLorenzo_gestionepersonale", "AS2021_TPCIT_4H_CUrziLorenzo_gestionepersonale\AS2021_TPCIT_4H_CUrziLorenzo_gestionepersonale.csproj", "{D7F2EE94-9DDD-44A9-9EE6-81B2314C82EE}"
EndProject
Global
	GlobalSection(SolutionConfigurationPlatforms) = preSolution
		Debug|Any CPU = Debug|Any CPU
		Release|Any CPU = Release|Any CPU
	EndGlobalSection
	GlobalSection(ProjectConfigurationPlatforms) = postSolution
		{D7F2EE94-9DDD-44A9-9EE6-81B2314C82EE}.Debug|Any CPU.ActiveCfg = Debug|Any CPU
		{D7F2EE94-9DDD-44A9-9EE6-81B2314C82EE}.Debug|Any CPU.Build.0 = Debug|Any CPU
		{D7F2EE94-9DDD-44A9-9EE6-81B2314C82EE}.Release|Any CPU.ActiveCfg = Release|Any CPU
		{D7F2EE94-9DDD-44A9-9EE6-81B2314C82EE}.Release|Any CPU.Build.0 = Release|Any CPU
	EndGlobalSection
	GlobalSection(SolutionProperties) = preSolution
		HideSolutionNode = FALSE
	EndGlobalSection
	GlobalSection(ExtensibilityGlobals) = postSolution
		SolutionGuid = {72E8CC0B-8FFF-4538-BA4B-1EA77524D9E1}
	EndGlobalSection
EndGlobal
